// !$*UTF8*$!
{
	archiveVersion = 1;
	classes = {
	};
	objectVersion = 56;
	objects = {

/* Begin PBXBuildFile section */
		F709545429AE997D001F75C5 /* CharacterViewModel.swift in Sources */ = {isa = PBXBuildFile; fileRef = F709545329AE997D001F75C5 /* CharacterViewModel.swift */; };
		F709545629AE9E35001F75C5 /* MapperCharacterViewModel.swift in Sources */ = {isa = PBXBuildFile; fileRef = F709545529AE9E35001F75C5 /* MapperCharacterViewModel.swift */; };
		F709545929AEA569001F75C5 /* DetailView.swift in Sources */ = {isa = PBXBuildFile; fileRef = F709545829AEA569001F75C5 /* DetailView.swift */; };
		F709545B29AEA59E001F75C5 /* DetailPresenter.swift in Sources */ = {isa = PBXBuildFile; fileRef = F709545A29AEA59E001F75C5 /* DetailPresenter.swift */; };
		F709545D29AEA5AD001F75C5 /* DetailInteractor.swift in Sources */ = {isa = PBXBuildFile; fileRef = F709545C29AEA5AD001F75C5 /* DetailInteractor.swift */; };
		F709545F29AEA6F8001F75C5 /* DetailRouter.swift in Sources */ = {isa = PBXBuildFile; fileRef = F709545E29AEA6F8001F75C5 /* DetailRouter.swift */; };
		F709546229AEA76B001F75C5 /* DetailCharacterEntity.swift in Sources */ = {isa = PBXBuildFile; fileRef = F709546129AEA76B001F75C5 /* DetailCharacterEntity.swift */; };
		F709546429AEAB43001F75C5 /* DetailCharacterViewModel.swift in Sources */ = {isa = PBXBuildFile; fileRef = F709546329AEAB43001F75C5 /* DetailCharacterViewModel.swift */; };
		F709546629AEABD6001F75C5 /* MapperDetailCharacterViewModel.swift in Sources */ = {isa = PBXBuildFile; fileRef = F709546529AEABD6001F75C5 /* MapperDetailCharacterViewModel.swift */; };
		F73CB61329ACE3E3001CC987 /* ListCharacterView.swift in Sources */ = {isa = PBXBuildFile; fileRef = F73CB61229ACE3E3001CC987 /* ListCharacterView.swift */; };
		F73CB61429ACE3E3001CC987 /* ListCharacterView.swift in Sources */ = {isa = PBXBuildFile; fileRef = F73CB61229ACE3E3001CC987 /* ListCharacterView.swift */; };
		F73CB61529ACE3E3001CC987 /* ListCharacterView.swift in Sources */ = {isa = PBXBuildFile; fileRef = F73CB61229ACE3E3001CC987 /* ListCharacterView.swift */; };
		F73CB61729ACE3FF001CC987 /* ListCharacterPresenter.swift in Sources */ = {isa = PBXBuildFile; fileRef = F73CB61629ACE3FF001CC987 /* ListCharacterPresenter.swift */; };
		F73CB61829ACE3FF001CC987 /* ListCharacterPresenter.swift in Sources */ = {isa = PBXBuildFile; fileRef = F73CB61629ACE3FF001CC987 /* ListCharacterPresenter.swift */; };
		F73CB61929ACE3FF001CC987 /* ListCharacterPresenter.swift in Sources */ = {isa = PBXBuildFile; fileRef = F73CB61629ACE3FF001CC987 /* ListCharacterPresenter.swift */; };
		F73CB61B29ACE415001CC987 /* ListCharacterInteractor.swift in Sources */ = {isa = PBXBuildFile; fileRef = F73CB61A29ACE415001CC987 /* ListCharacterInteractor.swift */; };
		F73CB61C29ACE415001CC987 /* ListCharacterInteractor.swift in Sources */ = {isa = PBXBuildFile; fileRef = F73CB61A29ACE415001CC987 /* ListCharacterInteractor.swift */; };
		F73CB61D29ACE415001CC987 /* ListCharacterInteractor.swift in Sources */ = {isa = PBXBuildFile; fileRef = F73CB61A29ACE415001CC987 /* ListCharacterInteractor.swift */; };
		F73CB61F29ACE42A001CC987 /* ListCharacterRouter.swift in Sources */ = {isa = PBXBuildFile; fileRef = F73CB61E29ACE42A001CC987 /* ListCharacterRouter.swift */; };
		F73CB62029ACE42A001CC987 /* ListCharacterRouter.swift in Sources */ = {isa = PBXBuildFile; fileRef = F73CB61E29ACE42A001CC987 /* ListCharacterRouter.swift */; };
		F73CB62129ACE42A001CC987 /* ListCharacterRouter.swift in Sources */ = {isa = PBXBuildFile; fileRef = F73CB61E29ACE42A001CC987 /* ListCharacterRouter.swift */; };
		F73CB62429ACE4BC001CC987 /* CharacterModel.swift in Sources */ = {isa = PBXBuildFile; fileRef = F73CB62329ACE4BC001CC987 /* CharacterModel.swift */; };
		F73CB62529ACE4BC001CC987 /* CharacterModel.swift in Sources */ = {isa = PBXBuildFile; fileRef = F73CB62329ACE4BC001CC987 /* CharacterModel.swift */; };
		F73CB62629ACE4BC001CC987 /* CharacterModel.swift in Sources */ = {isa = PBXBuildFile; fileRef = F73CB62329ACE4BC001CC987 /* CharacterModel.swift */; };
		F74C7B5C29ACB144006CB2D1 /* AppDelegate.swift in Sources */ = {isa = PBXBuildFile; fileRef = F74C7B5B29ACB144006CB2D1 /* AppDelegate.swift */; };
		F74C7B5E29ACB144006CB2D1 /* SceneDelegate.swift in Sources */ = {isa = PBXBuildFile; fileRef = F74C7B5D29ACB144006CB2D1 /* SceneDelegate.swift */; };
		F74C7B6029ACB144006CB2D1 /* ViewController.swift in Sources */ = {isa = PBXBuildFile; fileRef = F74C7B5F29ACB144006CB2D1 /* ViewController.swift */; };
		F74C7B6529ACB147006CB2D1 /* Assets.xcassets in Resources */ = {isa = PBXBuildFile; fileRef = F74C7B6429ACB147006CB2D1 /* Assets.xcassets */; };
		F74C7B6829ACB147006CB2D1 /* LaunchScreen.storyboard in Resources */ = {isa = PBXBuildFile; fileRef = F74C7B6629ACB147006CB2D1 /* LaunchScreen.storyboard */; };
		F74C7B7329ACB148006CB2D1 /* RickAndMortyCharacterTests.swift in Sources */ = {isa = PBXBuildFile; fileRef = F74C7B7229ACB148006CB2D1 /* RickAndMortyCharacterTests.swift */; };
		F74C7B7D29ACB148006CB2D1 /* RickAndMortyCharacterUITests.swift in Sources */ = {isa = PBXBuildFile; fileRef = F74C7B7C29ACB148006CB2D1 /* RickAndMortyCharacterUITests.swift */; };
		F74C7B7F29ACB148006CB2D1 /* RickAndMortyCharacterUITestsLaunchTests.swift in Sources */ = {isa = PBXBuildFile; fileRef = F74C7B7E29ACB148006CB2D1 /* RickAndMortyCharacterUITestsLaunchTests.swift */; };
		F7A5EFDD29AE2B4A004CE3EA /* CharacterResponseEntity.swift in Sources */ = {isa = PBXBuildFile; fileRef = F7A5EFDC29AE2B4A004CE3EA /* CharacterResponseEntity.swift */; };
		F7A5EFDF29AE2E72004CE3EA /* NetworkManager.swift in Sources */ = {isa = PBXBuildFile; fileRef = F7A5EFDE29AE2E72004CE3EA /* NetworkManager.swift */; };
		F7A5EFE129AE3227004CE3EA /* Endpoint.swift in Sources */ = {isa = PBXBuildFile; fileRef = F7A5EFE029AE3227004CE3EA /* Endpoint.swift */; };
		F7A5EFE329AE4BEA004CE3EA /* CharacterCellView.swift in Sources */ = {isa = PBXBuildFile; fileRef = F7A5EFE229AE4BEA004CE3EA /* CharacterCellView.swift */; };
		F7A5EFE629AE51E7004CE3EA /* Kingfisher in Frameworks */ = {isa = PBXBuildFile; productRef = F7A5EFE529AE51E7004CE3EA /* Kingfisher */; };
		F7CE03B129AF363200BF4F57 /* FilterCharacterPresenter.swift in Sources */ = {isa = PBXBuildFile; fileRef = F7CE03B029AF363200BF4F57 /* FilterCharacterPresenter.swift */; };
		F7CE03B329AF364700BF4F57 /* FilterCharacterInteractor.swift in Sources */ = {isa = PBXBuildFile; fileRef = F7CE03B229AF364700BF4F57 /* FilterCharacterInteractor.swift */; };
		F7CE03B529AF367400BF4F57 /* FilterCharacterRouter.swift in Sources */ = {isa = PBXBuildFile; fileRef = F7CE03B429AF367400BF4F57 /* FilterCharacterRouter.swift */; };
		F7CE03B929AF392100BF4F57 /* DetailViewTests.swift in Sources */ = {isa = PBXBuildFile; fileRef = F7CE03B829AF392100BF4F57 /* DetailViewTests.swift */; };
		F7CE03BD29AF3D8000BF4F57 /* DetailPresenterTests.swift in Sources */ = {isa = PBXBuildFile; fileRef = F7CE03BC29AF3D8000BF4F57 /* DetailPresenterTests.swift */; };
/* End PBXBuildFile section */

/* Begin PBXContainerItemProxy section */
		F74C7B6F29ACB148006CB2D1 /* PBXContainerItemProxy */ = {
			isa = PBXContainerItemProxy;
			containerPortal = F74C7B5029ACB144006CB2D1 /* Project object */;
			proxyType = 1;
			remoteGlobalIDString = F74C7B5729ACB144006CB2D1;
			remoteInfo = RickAndMortyCharacter;
		};
		F74C7B7929ACB148006CB2D1 /* PBXContainerItemProxy */ = {
			isa = PBXContainerItemProxy;
			containerPortal = F74C7B5029ACB144006CB2D1 /* Project object */;
			proxyType = 1;
			remoteGlobalIDString = F74C7B5729ACB144006CB2D1;
			remoteInfo = RickAndMortyCharacter;
		};
/* End PBXContainerItemProxy section */

/* Begin PBXFileReference section */
		F709545329AE997D001F75C5 /* CharacterViewModel.swift */ = {isa = PBXFileReference; lastKnownFileType = sourcecode.swift; path = CharacterViewModel.swift; sourceTree = "<group>"; };
		F709545529AE9E35001F75C5 /* MapperCharacterViewModel.swift */ = {isa = PBXFileReference; lastKnownFileType = sourcecode.swift; path = MapperCharacterViewModel.swift; sourceTree = "<group>"; };
		F709545829AEA569001F75C5 /* DetailView.swift */ = {isa = PBXFileReference; lastKnownFileType = sourcecode.swift; path = DetailView.swift; sourceTree = "<group>"; };
		F709545A29AEA59E001F75C5 /* DetailPresenter.swift */ = {isa = PBXFileReference; lastKnownFileType = sourcecode.swift; path = DetailPresenter.swift; sourceTree = "<group>"; };
		F709545C29AEA5AD001F75C5 /* DetailInteractor.swift */ = {isa = PBXFileReference; lastKnownFileType = sourcecode.swift; path = DetailInteractor.swift; sourceTree = "<group>"; };
		F709545E29AEA6F8001F75C5 /* DetailRouter.swift */ = {isa = PBXFileReference; lastKnownFileType = sourcecode.swift; path = DetailRouter.swift; sourceTree = "<group>"; };
		F709546129AEA76B001F75C5 /* DetailCharacterEntity.swift */ = {isa = PBXFileReference; lastKnownFileType = sourcecode.swift; path = DetailCharacterEntity.swift; sourceTree = "<group>"; };
		F709546329AEAB43001F75C5 /* DetailCharacterViewModel.swift */ = {isa = PBXFileReference; lastKnownFileType = sourcecode.swift; path = DetailCharacterViewModel.swift; sourceTree = "<group>"; };
		F709546529AEABD6001F75C5 /* MapperDetailCharacterViewModel.swift */ = {isa = PBXFileReference; lastKnownFileType = sourcecode.swift; path = MapperDetailCharacterViewModel.swift; sourceTree = "<group>"; };
		F73CB61229ACE3E3001CC987 /* ListCharacterView.swift */ = {isa = PBXFileReference; lastKnownFileType = sourcecode.swift; path = ListCharacterView.swift; sourceTree = "<group>"; };
		F73CB61629ACE3FF001CC987 /* ListCharacterPresenter.swift */ = {isa = PBXFileReference; lastKnownFileType = sourcecode.swift; path = ListCharacterPresenter.swift; sourceTree = "<group>"; };
		F73CB61A29ACE415001CC987 /* ListCharacterInteractor.swift */ = {isa = PBXFileReference; lastKnownFileType = sourcecode.swift; path = ListCharacterInteractor.swift; sourceTree = "<group>"; };
		F73CB61E29ACE42A001CC987 /* ListCharacterRouter.swift */ = {isa = PBXFileReference; lastKnownFileType = sourcecode.swift; path = ListCharacterRouter.swift; sourceTree = "<group>"; };
		F73CB62329ACE4BC001CC987 /* CharacterModel.swift */ = {isa = PBXFileReference; lastKnownFileType = sourcecode.swift; path = CharacterModel.swift; sourceTree = "<group>"; };
		F74C7B5829ACB144006CB2D1 /* RickAndMortyCharacter.app */ = {isa = PBXFileReference; explicitFileType = wrapper.application; includeInIndex = 0; path = RickAndMortyCharacter.app; sourceTree = BUILT_PRODUCTS_DIR; };
		F74C7B5B29ACB144006CB2D1 /* AppDelegate.swift */ = {isa = PBXFileReference; lastKnownFileType = sourcecode.swift; path = AppDelegate.swift; sourceTree = "<group>"; };
		F74C7B5D29ACB144006CB2D1 /* SceneDelegate.swift */ = {isa = PBXFileReference; lastKnownFileType = sourcecode.swift; path = SceneDelegate.swift; sourceTree = "<group>"; };
		F74C7B5F29ACB144006CB2D1 /* ViewController.swift */ = {isa = PBXFileReference; lastKnownFileType = sourcecode.swift; path = ViewController.swift; sourceTree = "<group>"; };
		F74C7B6429ACB147006CB2D1 /* Assets.xcassets */ = {isa = PBXFileReference; lastKnownFileType = folder.assetcatalog; path = Assets.xcassets; sourceTree = "<group>"; };
		F74C7B6729ACB147006CB2D1 /* Base */ = {isa = PBXFileReference; lastKnownFileType = file.storyboard; name = Base; path = Base.lproj/LaunchScreen.storyboard; sourceTree = "<group>"; };
		F74C7B6929ACB147006CB2D1 /* Info.plist */ = {isa = PBXFileReference; lastKnownFileType = text.plist.xml; path = Info.plist; sourceTree = "<group>"; };
		F74C7B6E29ACB148006CB2D1 /* RickAndMortyCharacterTests.xctest */ = {isa = PBXFileReference; explicitFileType = wrapper.cfbundle; includeInIndex = 0; path = RickAndMortyCharacterTests.xctest; sourceTree = BUILT_PRODUCTS_DIR; };
		F74C7B7229ACB148006CB2D1 /* RickAndMortyCharacterTests.swift */ = {isa = PBXFileReference; lastKnownFileType = sourcecode.swift; path = RickAndMortyCharacterTests.swift; sourceTree = "<group>"; };
		F74C7B7829ACB148006CB2D1 /* RickAndMortyCharacterUITests.xctest */ = {isa = PBXFileReference; explicitFileType = wrapper.cfbundle; includeInIndex = 0; path = RickAndMortyCharacterUITests.xctest; sourceTree = BUILT_PRODUCTS_DIR; };
		F74C7B7C29ACB148006CB2D1 /* RickAndMortyCharacterUITests.swift */ = {isa = PBXFileReference; lastKnownFileType = sourcecode.swift; path = RickAndMortyCharacterUITests.swift; sourceTree = "<group>"; };
		F74C7B7E29ACB148006CB2D1 /* RickAndMortyCharacterUITestsLaunchTests.swift */ = {isa = PBXFileReference; lastKnownFileType = sourcecode.swift; path = RickAndMortyCharacterUITestsLaunchTests.swift; sourceTree = "<group>"; };
		F7A5EFDC29AE2B4A004CE3EA /* CharacterResponseEntity.swift */ = {isa = PBXFileReference; lastKnownFileType = sourcecode.swift; path = CharacterResponseEntity.swift; sourceTree = "<group>"; };
		F7A5EFDE29AE2E72004CE3EA /* NetworkManager.swift */ = {isa = PBXFileReference; lastKnownFileType = sourcecode.swift; path = NetworkManager.swift; sourceTree = "<group>"; };
		F7A5EFE029AE3227004CE3EA /* Endpoint.swift */ = {isa = PBXFileReference; lastKnownFileType = sourcecode.swift; path = Endpoint.swift; sourceTree = "<group>"; };
		F7A5EFE229AE4BEA004CE3EA /* CharacterCellView.swift */ = {isa = PBXFileReference; lastKnownFileType = sourcecode.swift; path = CharacterCellView.swift; sourceTree = "<group>"; };
		F7CE03B029AF363200BF4F57 /* FilterCharacterPresenter.swift */ = {isa = PBXFileReference; lastKnownFileType = sourcecode.swift; path = FilterCharacterPresenter.swift; sourceTree = "<group>"; };
		F7CE03B229AF364700BF4F57 /* FilterCharacterInteractor.swift */ = {isa = PBXFileReference; lastKnownFileType = sourcecode.swift; path = FilterCharacterInteractor.swift; sourceTree = "<group>"; };
		F7CE03B429AF367400BF4F57 /* FilterCharacterRouter.swift */ = {isa = PBXFileReference; lastKnownFileType = sourcecode.swift; path = FilterCharacterRouter.swift; sourceTree = "<group>"; };
		F7CE03B829AF392100BF4F57 /* DetailViewTests.swift */ = {isa = PBXFileReference; lastKnownFileType = sourcecode.swift; path = DetailViewTests.swift; sourceTree = "<group>"; };
		F7CE03BC29AF3D8000BF4F57 /* DetailPresenterTests.swift */ = {isa = PBXFileReference; lastKnownFileType = sourcecode.swift; path = DetailPresenterTests.swift; sourceTree = "<group>"; };
/* End PBXFileReference section */

/* Begin PBXFrameworksBuildPhase section */
		F74C7B5529ACB144006CB2D1 /* Frameworks */ = {
			isa = PBXFrameworksBuildPhase;
			buildActionMask = 2147483647;
			files = (
				F7A5EFE629AE51E7004CE3EA /* Kingfisher in Frameworks */,
			);
			runOnlyForDeploymentPostprocessing = 0;
		};
		F74C7B6B29ACB148006CB2D1 /* Frameworks */ = {
			isa = PBXFrameworksBuildPhase;
			buildActionMask = 2147483647;
			files = (
			);
			runOnlyForDeploymentPostprocessing = 0;
		};
		F74C7B7529ACB148006CB2D1 /* Frameworks */ = {
			isa = PBXFrameworksBuildPhase;
			buildActionMask = 2147483647;
			files = (
			);
			runOnlyForDeploymentPostprocessing = 0;
		};
/* End PBXFrameworksBuildPhase section */

/* Begin PBXGroup section */
		F709545029AE9956001F75C5 /* ViewModel */ = {
			isa = PBXGroup;
			children = (
				F709545329AE997D001F75C5 /* CharacterViewModel.swift */,
				F709545529AE9E35001F75C5 /* MapperCharacterViewModel.swift */,
				F709546329AEAB43001F75C5 /* DetailCharacterViewModel.swift */,
				F709546529AEABD6001F75C5 /* MapperDetailCharacterViewModel.swift */,
			);
			path = ViewModel;
			sourceTree = "<group>";
		};
		F709545729AEA540001F75C5 /* DetailCharacter */ = {
			isa = PBXGroup;
			children = (
				F709546029AEA73C001F75C5 /* Entities */,
				F709545829AEA569001F75C5 /* DetailView.swift */,
				F709545A29AEA59E001F75C5 /* DetailPresenter.swift */,
				F709545C29AEA5AD001F75C5 /* DetailInteractor.swift */,
				F709545E29AEA6F8001F75C5 /* DetailRouter.swift */,
			);
			path = DetailCharacter;
			sourceTree = "<group>";
		};
		F709546029AEA73C001F75C5 /* Entities */ = {
			isa = PBXGroup;
			children = (
				F709546129AEA76B001F75C5 /* DetailCharacterEntity.swift */,
			);
			path = Entities;
			sourceTree = "<group>";
		};
		F73CB61129ACE20B001CC987 /* ListCharacter */ = {
			isa = PBXGroup;
			children = (
				F709545029AE9956001F75C5 /* ViewModel */,
				F73CB61229ACE3E3001CC987 /* ListCharacterView.swift */,
				F73CB61629ACE3FF001CC987 /* ListCharacterPresenter.swift */,
				F73CB61A29ACE415001CC987 /* ListCharacterInteractor.swift */,
				F73CB61E29ACE42A001CC987 /* ListCharacterRouter.swift */,
				F7A5EFE229AE4BEA004CE3EA /* CharacterCellView.swift */,
			);
			path = ListCharacter;
			sourceTree = "<group>";
		};
		F73CB62229ACE438001CC987 /* Entities */ = {
			isa = PBXGroup;
			children = (
				F73CB62329ACE4BC001CC987 /* CharacterModel.swift */,
				F7A5EFDC29AE2B4A004CE3EA /* CharacterResponseEntity.swift */,
			);
			path = Entities;
			sourceTree = "<group>";
		};
		F73CB62729ACE654001CC987 /* Services */ = {
			isa = PBXGroup;
			children = (
				F73CB62229ACE438001CC987 /* Entities */,
				F7A5EFDE29AE2E72004CE3EA /* NetworkManager.swift */,
				F7A5EFE029AE3227004CE3EA /* Endpoint.swift */,
			);
			path = Services;
			sourceTree = "<group>";
		};
		F74C7B4F29ACB144006CB2D1 = {
			isa = PBXGroup;
			children = (
				F74C7B5A29ACB144006CB2D1 /* RickAndMortyCharacter */,
				F74C7B7129ACB148006CB2D1 /* RickAndMortyCharacterTests */,
				F74C7B7B29ACB148006CB2D1 /* RickAndMortyCharacterUITests */,
				F74C7B5929ACB144006CB2D1 /* Products */,
			);
			sourceTree = "<group>";
		};
		F74C7B5929ACB144006CB2D1 /* Products */ = {
			isa = PBXGroup;
			children = (
				F74C7B5829ACB144006CB2D1 /* RickAndMortyCharacter.app */,
				F74C7B6E29ACB148006CB2D1 /* RickAndMortyCharacterTests.xctest */,
				F74C7B7829ACB148006CB2D1 /* RickAndMortyCharacterUITests.xctest */,
			);
			name = Products;
			sourceTree = "<group>";
		};
		F74C7B5A29ACB144006CB2D1 /* RickAndMortyCharacter */ = {
			isa = PBXGroup;
			children = (
				F7CE03AF29AF337300BF4F57 /* FilterCharacters */,
				F73CB62729ACE654001CC987 /* Services */,
				F73CB61129ACE20B001CC987 /* ListCharacter */,
				F709545729AEA540001F75C5 /* DetailCharacter */,
				F74C7B5B29ACB144006CB2D1 /* AppDelegate.swift */,
				F74C7B5D29ACB144006CB2D1 /* SceneDelegate.swift */,
				F74C7B5F29ACB144006CB2D1 /* ViewController.swift */,
				F74C7B6429ACB147006CB2D1 /* Assets.xcassets */,
				F74C7B6629ACB147006CB2D1 /* LaunchScreen.storyboard */,
				F74C7B6929ACB147006CB2D1 /* Info.plist */,
			);
			path = RickAndMortyCharacter;
			sourceTree = "<group>";
		};
		F74C7B7129ACB148006CB2D1 /* RickAndMortyCharacterTests */ = {
			isa = PBXGroup;
			children = (
				F74C7B7229ACB148006CB2D1 /* RickAndMortyCharacterTests.swift */,
				F7CE03BC29AF3D8000BF4F57 /* DetailPresenterTests.swift */,
			);
			path = RickAndMortyCharacterTests;
			sourceTree = "<group>";
		};
		F74C7B7B29ACB148006CB2D1 /* RickAndMortyCharacterUITests */ = {
			isa = PBXGroup;
			children = (
				F74C7B7C29ACB148006CB2D1 /* RickAndMortyCharacterUITests.swift */,
				F74C7B7E29ACB148006CB2D1 /* RickAndMortyCharacterUITestsLaunchTests.swift */,
				F7CE03B829AF392100BF4F57 /* DetailViewTests.swift */,
			);
			path = RickAndMortyCharacterUITests;
			sourceTree = "<group>";
		};
		F7CE03AF29AF337300BF4F57 /* FilterCharacters */ = {
			isa = PBXGroup;
			children = (
				F7CE03B029AF363200BF4F57 /* FilterCharacterPresenter.swift */,
				F7CE03B229AF364700BF4F57 /* FilterCharacterInteractor.swift */,
				F7CE03B429AF367400BF4F57 /* FilterCharacterRouter.swift */,
			);
			path = FilterCharacters;
			sourceTree = "<group>";
		};
/* End PBXGroup section */

/* Begin PBXNativeTarget section */
		F74C7B5729ACB144006CB2D1 /* RickAndMortyCharacter */ = {
			isa = PBXNativeTarget;
			buildConfigurationList = F74C7B8229ACB148006CB2D1 /* Build configuration list for PBXNativeTarget "RickAndMortyCharacter" */;
			buildPhases = (
				F74C7B5429ACB144006CB2D1 /* Sources */,
				F74C7B5529ACB144006CB2D1 /* Frameworks */,
				F74C7B5629ACB144006CB2D1 /* Resources */,
			);
			buildRules = (
			);
			dependencies = (
			);
			name = RickAndMortyCharacter;
			packageProductDependencies = (
				F7A5EFE529AE51E7004CE3EA /* Kingfisher */,
			);
			productName = RickAndMortyCharacter;
			productReference = F74C7B5829ACB144006CB2D1 /* RickAndMortyCharacter.app */;
			productType = "com.apple.product-type.application";
		};
		F74C7B6D29ACB148006CB2D1 /* RickAndMortyCharacterTests */ = {
			isa = PBXNativeTarget;
			buildConfigurationList = F74C7B8529ACB148006CB2D1 /* Build configuration list for PBXNativeTarget "RickAndMortyCharacterTests" */;
			buildPhases = (
				F74C7B6A29ACB148006CB2D1 /* Sources */,
				F74C7B6B29ACB148006CB2D1 /* Frameworks */,
				F74C7B6C29ACB148006CB2D1 /* Resources */,
			);
			buildRules = (
			);
			dependencies = (
				F74C7B7029ACB148006CB2D1 /* PBXTargetDependency */,
			);
			name = RickAndMortyCharacterTests;
			productName = RickAndMortyCharacterTests;
			productReference = F74C7B6E29ACB148006CB2D1 /* RickAndMortyCharacterTests.xctest */;
			productType = "com.apple.product-type.bundle.unit-test";
		};
		F74C7B7729ACB148006CB2D1 /* RickAndMortyCharacterUITests */ = {
			isa = PBXNativeTarget;
			buildConfigurationList = F74C7B8829ACB148006CB2D1 /* Build configuration list for PBXNativeTarget "RickAndMortyCharacterUITests" */;
			buildPhases = (
				F74C7B7429ACB148006CB2D1 /* Sources */,
				F74C7B7529ACB148006CB2D1 /* Frameworks */,
				F74C7B7629ACB148006CB2D1 /* Resources */,
			);
			buildRules = (
			);
			dependencies = (
				F74C7B7A29ACB148006CB2D1 /* PBXTargetDependency */,
			);
			name = RickAndMortyCharacterUITests;
			productName = RickAndMortyCharacterUITests;
			productReference = F74C7B7829ACB148006CB2D1 /* RickAndMortyCharacterUITests.xctest */;
			productType = "com.apple.product-type.bundle.ui-testing";
		};
/* End PBXNativeTarget section */

/* Begin PBXProject section */
		F74C7B5029ACB144006CB2D1 /* Project object */ = {
			isa = PBXProject;
			attributes = {
				BuildIndependentTargetsInParallel = 1;
				LastSwiftUpdateCheck = 1400;
				LastUpgradeCheck = 1400;
				TargetAttributes = {
					F74C7B5729ACB144006CB2D1 = {
						CreatedOnToolsVersion = 14.0.1;
					};
					F74C7B6D29ACB148006CB2D1 = {
						CreatedOnToolsVersion = 14.0.1;
						TestTargetID = F74C7B5729ACB144006CB2D1;
					};
					F74C7B7729ACB148006CB2D1 = {
						CreatedOnToolsVersion = 14.0.1;
						TestTargetID = F74C7B5729ACB144006CB2D1;
					};
				};
			};
			buildConfigurationList = F74C7B5329ACB144006CB2D1 /* Build configuration list for PBXProject "RickAndMortyCharacter" */;
			compatibilityVersion = "Xcode 14.0";
			developmentRegion = en;
			hasScannedForEncodings = 0;
			knownRegions = (
				en,
				Base,
			);
			mainGroup = F74C7B4F29ACB144006CB2D1;
			packageReferences = (
				F7A5EFE429AE51E7004CE3EA /* XCRemoteSwiftPackageReference "Kingfisher" */,
			);
			productRefGroup = F74C7B5929ACB144006CB2D1 /* Products */;
			projectDirPath = "";
			projectRoot = "";
			targets = (
				F74C7B5729ACB144006CB2D1 /* RickAndMortyCharacter */,
				F74C7B6D29ACB148006CB2D1 /* RickAndMortyCharacterTests */,
				F74C7B7729ACB148006CB2D1 /* RickAndMortyCharacterUITests */,
			);
		};
/* End PBXProject section */

/* Begin PBXResourcesBuildPhase section */
		F74C7B5629ACB144006CB2D1 /* Resources */ = {
			isa = PBXResourcesBuildPhase;
			buildActionMask = 2147483647;
			files = (
				F74C7B6829ACB147006CB2D1 /* LaunchScreen.storyboard in Resources */,
				F74C7B6529ACB147006CB2D1 /* Assets.xcassets in Resources */,
			);
			runOnlyForDeploymentPostprocessing = 0;
		};
		F74C7B6C29ACB148006CB2D1 /* Resources */ = {
			isa = PBXResourcesBuildPhase;
			buildActionMask = 2147483647;
			files = (
			);
			runOnlyForDeploymentPostprocessing = 0;
		};
		F74C7B7629ACB148006CB2D1 /* Resources */ = {
			isa = PBXResourcesBuildPhase;
			buildActionMask = 2147483647;
			files = (
			);
			runOnlyForDeploymentPostprocessing = 0;
		};
/* End PBXResourcesBuildPhase section */

/* Begin PBXSourcesBuildPhase section */
		F74C7B5429ACB144006CB2D1 /* Sources */ = {
			isa = PBXSourcesBuildPhase;
			buildActionMask = 2147483647;
			files = (
				F7CE03B129AF363200BF4F57 /* FilterCharacterPresenter.swift in Sources */,
				F73CB62429ACE4BC001CC987 /* CharacterModel.swift in Sources */,
				F73CB61F29ACE42A001CC987 /* ListCharacterRouter.swift in Sources */,
				F7A5EFE329AE4BEA004CE3EA /* CharacterCellView.swift in Sources */,
				F7A5EFDF29AE2E72004CE3EA /* NetworkManager.swift in Sources */,
				F7A5EFDD29AE2B4A004CE3EA /* CharacterResponseEntity.swift in Sources */,
				F709546229AEA76B001F75C5 /* DetailCharacterEntity.swift in Sources */,
				F73CB61729ACE3FF001CC987 /* ListCharacterPresenter.swift in Sources */,
				F709545429AE997D001F75C5 /* CharacterViewModel.swift in Sources */,
				F709545629AE9E35001F75C5 /* MapperCharacterViewModel.swift in Sources */,
				F7CE03B529AF367400BF4F57 /* FilterCharacterRouter.swift in Sources */,
				F74C7B6029ACB144006CB2D1 /* ViewController.swift in Sources */,
				F73CB61B29ACE415001CC987 /* ListCharacterInteractor.swift in Sources */,
				F74C7B5C29ACB144006CB2D1 /* AppDelegate.swift in Sources */,
				F709545B29AEA59E001F75C5 /* DetailPresenter.swift in Sources */,
				F73CB61329ACE3E3001CC987 /* ListCharacterView.swift in Sources */,
				F709545D29AEA5AD001F75C5 /* DetailInteractor.swift in Sources */,
				F7A5EFE129AE3227004CE3EA /* Endpoint.swift in Sources */,
				F709545F29AEA6F8001F75C5 /* DetailRouter.swift in Sources */,
				F709546629AEABD6001F75C5 /* MapperDetailCharacterViewModel.swift in Sources */,
				F709546429AEAB43001F75C5 /* DetailCharacterViewModel.swift in Sources */,
				F709545929AEA569001F75C5 /* DetailView.swift in Sources */,
				F74C7B5E29ACB144006CB2D1 /* SceneDelegate.swift in Sources */,
				F7CE03B329AF364700BF4F57 /* FilterCharacterInteractor.swift in Sources */,
			);
			runOnlyForDeploymentPostprocessing = 0;
		};
		F74C7B6A29ACB148006CB2D1 /* Sources */ = {
			isa = PBXSourcesBuildPhase;
			buildActionMask = 2147483647;
			files = (
				F73CB62529ACE4BC001CC987 /* CharacterModel.swift in Sources */,
				F73CB61C29ACE415001CC987 /* ListCharacterInteractor.swift in Sources */,
				F7CE03BD29AF3D8000BF4F57 /* DetailPresenterTests.swift in Sources */,
				F73CB61429ACE3E3001CC987 /* ListCharacterView.swift in Sources */,
				F73CB62029ACE42A001CC987 /* ListCharacterRouter.swift in Sources */,
				F74C7B7329ACB148006CB2D1 /* RickAndMortyCharacterTests.swift in Sources */,
				F73CB61829ACE3FF001CC987 /* ListCharacterPresenter.swift in Sources */,
			);
			runOnlyForDeploymentPostprocessing = 0;
		};
		F74C7B7429ACB148006CB2D1 /* Sources */ = {
			isa = PBXSourcesBuildPhase;
			buildActionMask = 2147483647;
			files = (
				F73CB61929ACE3FF001CC987 /* ListCharacterPresenter.swift in Sources */,
				F7CE03B929AF392100BF4F57 /* DetailViewTests.swift in Sources */,
				F73CB61D29ACE415001CC987 /* ListCharacterInteractor.swift in Sources */,
				F73CB61529ACE3E3001CC987 /* ListCharacterView.swift in Sources */,
				F73CB62129ACE42A001CC987 /* ListCharacterRouter.swift in Sources */,
				F74C7B7D29ACB148006CB2D1 /* RickAndMortyCharacterUITests.swift in Sources */,
				F74C7B7F29ACB148006CB2D1 /* RickAndMortyCharacterUITestsLaunchTests.swift in Sources */,
				F73CB62629ACE4BC001CC987 /* CharacterModel.swift in Sources */,
			);
			runOnlyForDeploymentPostprocessing = 0;
		};
/* End PBXSourcesBuildPhase section */

/* Begin PBXTargetDependency section */
		F74C7B7029ACB148006CB2D1 /* PBXTargetDependency */ = {
			isa = PBXTargetDependency;
			target = F74C7B5729ACB144006CB2D1 /* RickAndMortyCharacter */;
			targetProxy = F74C7B6F29ACB148006CB2D1 /* PBXContainerItemProxy */;
		};
		F74C7B7A29ACB148006CB2D1 /* PBXTargetDependency */ = {
			isa = PBXTargetDependency;
			target = F74C7B5729ACB144006CB2D1 /* RickAndMortyCharacter */;
			targetProxy = F74C7B7929ACB148006CB2D1 /* PBXContainerItemProxy */;
		};
/* End PBXTargetDependency section */

/* Begin PBXVariantGroup section */
		F74C7B6629ACB147006CB2D1 /* LaunchScreen.storyboard */ = {
			isa = PBXVariantGroup;
			children = (
				F74C7B6729ACB147006CB2D1 /* Base */,
			);
			name = LaunchScreen.storyboard;
			sourceTree = "<group>";
		};
/* End PBXVariantGroup section */

/* Begin XCBuildConfiguration section */
		F74C7B8029ACB148006CB2D1 /* Debug */ = {
			isa = XCBuildConfiguration;
			buildSettings = {
				ALWAYS_SEARCH_USER_PATHS = NO;
				CLANG_ANALYZER_NONNULL = YES;
				CLANG_ANALYZER_NUMBER_OBJECT_CONVERSION = YES_AGGRESSIVE;
				CLANG_CXX_LANGUAGE_STANDARD = "gnu++20";
				CLANG_ENABLE_MODULES = YES;
				CLANG_ENABLE_OBJC_ARC = YES;
				CLANG_ENABLE_OBJC_WEAK = YES;
				CLANG_WARN_BLOCK_CAPTURE_AUTORELEASING = YES;
				CLANG_WARN_BOOL_CONVERSION = YES;
				CLANG_WARN_COMMA = YES;
				CLANG_WARN_CONSTANT_CONVERSION = YES;
				CLANG_WARN_DEPRECATED_OBJC_IMPLEMENTATIONS = YES;
				CLANG_WARN_DIRECT_OBJC_ISA_USAGE = YES_ERROR;
				CLANG_WARN_DOCUMENTATION_COMMENTS = YES;
				CLANG_WARN_EMPTY_BODY = YES;
				CLANG_WARN_ENUM_CONVERSION = YES;
				CLANG_WARN_INFINITE_RECURSION = YES;
				CLANG_WARN_INT_CONVERSION = YES;
				CLANG_WARN_NON_LITERAL_NULL_CONVERSION = YES;
				CLANG_WARN_OBJC_IMPLICIT_RETAIN_SELF = YES;
				CLANG_WARN_OBJC_LITERAL_CONVERSION = YES;
				CLANG_WARN_OBJC_ROOT_CLASS = YES_ERROR;
				CLANG_WARN_QUOTED_INCLUDE_IN_FRAMEWORK_HEADER = YES;
				CLANG_WARN_RANGE_LOOP_ANALYSIS = YES;
				CLANG_WARN_STRICT_PROTOTYPES = YES;
				CLANG_WARN_SUSPICIOUS_MOVE = YES;
				CLANG_WARN_UNGUARDED_AVAILABILITY = YES_AGGRESSIVE;
				CLANG_WARN_UNREACHABLE_CODE = YES;
				CLANG_WARN__DUPLICATE_METHOD_MATCH = YES;
				COPY_PHASE_STRIP = NO;
				DEBUG_INFORMATION_FORMAT = dwarf;
				ENABLE_STRICT_OBJC_MSGSEND = YES;
				ENABLE_TESTABILITY = YES;
				GCC_C_LANGUAGE_STANDARD = gnu11;
				GCC_DYNAMIC_NO_PIC = NO;
				GCC_NO_COMMON_BLOCKS = YES;
				GCC_OPTIMIZATION_LEVEL = 0;
				GCC_PREPROCESSOR_DEFINITIONS = (
					"DEBUG=1",
					"$(inherited)",
				);
				GCC_WARN_64_TO_32_BIT_CONVERSION = YES;
				GCC_WARN_ABOUT_RETURN_TYPE = YES_ERROR;
				GCC_WARN_UNDECLARED_SELECTOR = YES;
				GCC_WARN_UNINITIALIZED_AUTOS = YES_AGGRESSIVE;
				GCC_WARN_UNUSED_FUNCTION = YES;
				GCC_WARN_UNUSED_VARIABLE = YES;
				IPHONEOS_DEPLOYMENT_TARGET = 16.0;
				MTL_ENABLE_DEBUG_INFO = INCLUDE_SOURCE;
				MTL_FAST_MATH = YES;
				ONLY_ACTIVE_ARCH = YES;
				SDKROOT = iphoneos;
				SWIFT_ACTIVE_COMPILATION_CONDITIONS = DEBUG;
				SWIFT_OPTIMIZATION_LEVEL = "-Onone";
			};
			name = Debug;
		};
		F74C7B8129ACB148006CB2D1 /* Release */ = {
			isa = XCBuildConfiguration;
			buildSettings = {
				ALWAYS_SEARCH_USER_PATHS = NO;
				CLANG_ANALYZER_NONNULL = YES;
				CLANG_ANALYZER_NUMBER_OBJECT_CONVERSION = YES_AGGRESSIVE;
				CLANG_CXX_LANGUAGE_STANDARD = "gnu++20";
				CLANG_ENABLE_MODULES = YES;
				CLANG_ENABLE_OBJC_ARC = YES;
				CLANG_ENABLE_OBJC_WEAK = YES;
				CLANG_WARN_BLOCK_CAPTURE_AUTORELEASING = YES;
				CLANG_WARN_BOOL_CONVERSION = YES;
				CLANG_WARN_COMMA = YES;
				CLANG_WARN_CONSTANT_CONVERSION = YES;
				CLANG_WARN_DEPRECATED_OBJC_IMPLEMENTATIONS = YES;
				CLANG_WARN_DIRECT_OBJC_ISA_USAGE = YES_ERROR;
				CLANG_WARN_DOCUMENTATION_COMMENTS = YES;
				CLANG_WARN_EMPTY_BODY = YES;
				CLANG_WARN_ENUM_CONVERSION = YES;
				CLANG_WARN_INFINITE_RECURSION = YES;
				CLANG_WARN_INT_CONVERSION = YES;
				CLANG_WARN_NON_LITERAL_NULL_CONVERSION = YES;
				CLANG_WARN_OBJC_IMPLICIT_RETAIN_SELF = YES;
				CLANG_WARN_OBJC_LITERAL_CONVERSION = YES;
				CLANG_WARN_OBJC_ROOT_CLASS = YES_ERROR;
				CLANG_WARN_QUOTED_INCLUDE_IN_FRAMEWORK_HEADER = YES;
				CLANG_WARN_RANGE_LOOP_ANALYSIS = YES;
				CLANG_WARN_STRICT_PROTOTYPES = YES;
				CLANG_WARN_SUSPICIOUS_MOVE = YES;
				CLANG_WARN_UNGUARDED_AVAILABILITY = YES_AGGRESSIVE;
				CLANG_WARN_UNREACHABLE_CODE = YES;
				CLANG_WARN__DUPLICATE_METHOD_MATCH = YES;
				COPY_PHASE_STRIP = NO;
				DEBUG_INFORMATION_FORMAT = "dwarf-with-dsym";
				ENABLE_NS_ASSERTIONS = NO;
				ENABLE_STRICT_OBJC_MSGSEND = YES;
				GCC_C_LANGUAGE_STANDARD = gnu11;
				GCC_NO_COMMON_BLOCKS = YES;
				GCC_WARN_64_TO_32_BIT_CONVERSION = YES;
				GCC_WARN_ABOUT_RETURN_TYPE = YES_ERROR;
				GCC_WARN_UNDECLARED_SELECTOR = YES;
				GCC_WARN_UNINITIALIZED_AUTOS = YES_AGGRESSIVE;
				GCC_WARN_UNUSED_FUNCTION = YES;
				GCC_WARN_UNUSED_VARIABLE = YES;
				IPHONEOS_DEPLOYMENT_TARGET = 16.0;
				MTL_ENABLE_DEBUG_INFO = NO;
				MTL_FAST_MATH = YES;
				SDKROOT = iphoneos;
				SWIFT_COMPILATION_MODE = wholemodule;
				SWIFT_OPTIMIZATION_LEVEL = "-O";
				VALIDATE_PRODUCT = YES;
			};
			name = Release;
		};
		F74C7B8329ACB148006CB2D1 /* Debug */ = {
			isa = XCBuildConfiguration;
			buildSettings = {
				ASSETCATALOG_COMPILER_APPICON_NAME = AppIcon;
				ASSETCATALOG_COMPILER_GLOBAL_ACCENT_COLOR_NAME = AccentColor;
				CODE_SIGN_STYLE = Automatic;
				CURRENT_PROJECT_VERSION = 1;
				DEVELOPMENT_TEAM = B8SQT294DF;
				GENERATE_INFOPLIST_FILE = YES;
				INFOPLIST_FILE = RickAndMortyCharacter/Info.plist;
				INFOPLIST_KEY_LSApplicationCategoryType = "public.app-category.entertainment";
				INFOPLIST_KEY_UIApplicationSupportsIndirectInputEvents = YES;
				INFOPLIST_KEY_UILaunchStoryboardName = LaunchScreen;
				INFOPLIST_KEY_UISupportedInterfaceOrientations_iPad = "UIInterfaceOrientationPortrait UIInterfaceOrientationPortraitUpsideDown UIInterfaceOrientationLandscapeLeft UIInterfaceOrientationLandscapeRight";
				INFOPLIST_KEY_UISupportedInterfaceOrientations_iPhone = "UIInterfaceOrientationPortrait UIInterfaceOrientationLandscapeLeft UIInterfaceOrientationLandscapeRight";
				LD_RUNPATH_SEARCH_PATHS = (
					"$(inherited)",
					"@executable_path/Frameworks",
				);
				MARKETING_VERSION = 1.0;
				PRODUCT_BUNDLE_IDENTIFIER = com.optivamedia.RickAndMortyCharacter;
				PRODUCT_NAME = "$(TARGET_NAME)";
				SWIFT_EMIT_LOC_STRINGS = YES;
				SWIFT_VERSION = 5.0;
				TARGETED_DEVICE_FAMILY = "1,2";
			};
			name = Debug;
		};
		F74C7B8429ACB148006CB2D1 /* Release */ = {
			isa = XCBuildConfiguration;
			buildSettings = {
				ASSETCATALOG_COMPILER_APPICON_NAME = AppIcon;
				ASSETCATALOG_COMPILER_GLOBAL_ACCENT_COLOR_NAME = AccentColor;
				CODE_SIGN_STYLE = Automatic;
				CURRENT_PROJECT_VERSION = 1;
				DEVELOPMENT_TEAM = B8SQT294DF;
				GENERATE_INFOPLIST_FILE = YES;
				INFOPLIST_FILE = RickAndMortyCharacter/Info.plist;
				INFOPLIST_KEY_LSApplicationCategoryType = "public.app-category.entertainment";
				INFOPLIST_KEY_UIApplicationSupportsIndirectInputEvents = YES;
				INFOPLIST_KEY_UILaunchStoryboardName = LaunchScreen;
				INFOPLIST_KEY_UISupportedInterfaceOrientations_iPad = "UIInterfaceOrientationPortrait UIInterfaceOrientationPortraitUpsideDown UIInterfaceOrientationLandscapeLeft UIInterfaceOrientationLandscapeRight";
				INFOPLIST_KEY_UISupportedInterfaceOrientations_iPhone = "UIInterfaceOrientationPortrait UIInterfaceOrientationLandscapeLeft UIInterfaceOrientationLandscapeRight";
				LD_RUNPATH_SEARCH_PATHS = (
					"$(inherited)",
					"@executable_path/Frameworks",
				);
				MARKETING_VERSION = 1.0;
				PRODUCT_BUNDLE_IDENTIFIER = com.optivamedia.RickAndMortyCharacter;
				PRODUCT_NAME = "$(TARGET_NAME)";
				SWIFT_EMIT_LOC_STRINGS = YES;
				SWIFT_VERSION = 5.0;
				TARGETED_DEVICE_FAMILY = "1,2";
			};
			name = Release;
		};
		F74C7B8629ACB148006CB2D1 /* Debug */ = {
			isa = XCBuildConfiguration;
			buildSettings = {
				ALWAYS_EMBED_SWIFT_STANDARD_LIBRARIES = YES;
				BUNDLE_LOADER = "$(TEST_HOST)";
				CODE_SIGN_STYLE = Automatic;
				CURRENT_PROJECT_VERSION = 1;
				DEVELOPMENT_TEAM = B8SQT294DF;
				GENERATE_INFOPLIST_FILE = YES;
				IPHONEOS_DEPLOYMENT_TARGET = 16.0;
				MARKETING_VERSION = 1.0;
				PRODUCT_BUNDLE_IDENTIFIER = com.optivamedia.RickAndMortyCharacter.RickAndMortyCharacterTests;
				PRODUCT_NAME = "$(TARGET_NAME)";
				SWIFT_EMIT_LOC_STRINGS = NO;
				SWIFT_VERSION = 5.0;
				TARGETED_DEVICE_FAMILY = "1,2";
				TEST_HOST = "$(BUILT_PRODUCTS_DIR)/RickAndMortyCharacter.app/$(BUNDLE_EXECUTABLE_FOLDER_PATH)/RickAndMortyCharacter";
			};
			name = Debug;
		};
		F74C7B8729ACB148006CB2D1 /* Release */ = {
			isa = XCBuildConfiguration;
			buildSettings = {
				ALWAYS_EMBED_SWIFT_STANDARD_LIBRARIES = YES;
				BUNDLE_LOADER = "$(TEST_HOST)";
				CODE_SIGN_STYLE = Automatic;
				CURRENT_PROJECT_VERSION = 1;
				DEVELOPMENT_TEAM = B8SQT294DF;
				GENERATE_INFOPLIST_FILE = YES;
				IPHONEOS_DEPLOYMENT_TARGET = 16.0;
				MARKETING_VERSION = 1.0;
				PRODUCT_BUNDLE_IDENTIFIER = com.optivamedia.RickAndMortyCharacter.RickAndMortyCharacterTests;
				PRODUCT_NAME = "$(TARGET_NAME)";
				SWIFT_EMIT_LOC_STRINGS = NO;
				SWIFT_VERSION = 5.0;
				TARGETED_DEVICE_FAMILY = "1,2";
				TEST_HOST = "$(BUILT_PRODUCTS_DIR)/RickAndMortyCharacter.app/$(BUNDLE_EXECUTABLE_FOLDER_PATH)/RickAndMortyCharacter";
			};
			name = Release;
		};
		F74C7B8929ACB148006CB2D1 /* Debug */ = {
			isa = XCBuildConfiguration;
			buildSettings = {
				ALWAYS_EMBED_SWIFT_STANDARD_LIBRARIES = YES;
				CODE_SIGN_STYLE = Automatic;
				CURRENT_PROJECT_VERSION = 1;
				DEVELOPMENT_TEAM = B8SQT294DF;
				GENERATE_INFOPLIST_FILE = YES;
				MARKETING_VERSION = 1.0;
				PRODUCT_BUNDLE_IDENTIFIER = com.optivamedia.RickAndMortyCharacter.RickAndMortyCharacterUITests;
				PRODUCT_NAME = "$(TARGET_NAME)";
				SWIFT_EMIT_LOC_STRINGS = NO;
				SWIFT_VERSION = 5.0;
				TARGETED_DEVICE_FAMILY = "1,2";
				TEST_TARGET_NAME = RickAndMortyCharacter;
			};
			name = Debug;
		};
		F74C7B8A29ACB148006CB2D1 /* Release */ = {
			isa = XCBuildConfiguration;
			buildSettings = {
				ALWAYS_EMBED_SWIFT_STANDARD_LIBRARIES = YES;
				CODE_SIGN_STYLE = Automatic;
				CURRENT_PROJECT_VERSION = 1;
				DEVELOPMENT_TEAM = B8SQT294DF;
				GENERATE_INFOPLIST_FILE = YES;
				MARKETING_VERSION = 1.0;
				PRODUCT_BUNDLE_IDENTIFIER = com.optivamedia.RickAndMortyCharacter.RickAndMortyCharacterUITests;
				PRODUCT_NAME = "$(TARGET_NAME)";
				SWIFT_EMIT_LOC_STRINGS = NO;
				SWIFT_VERSION = 5.0;
				TARGETED_DEVICE_FAMILY = "1,2";
				TEST_TARGET_NAME = RickAndMortyCharacter;
			};
			name = Release;
		};
/* End XCBuildConfiguration section */

/* Begin XCConfigurationList section */
		F74C7B5329ACB144006CB2D1 /* Build configuration list for PBXProject "RickAndMortyCharacter" */ = {
			isa = XCConfigurationList;
			buildConfigurations = (
				F74C7B8029ACB148006CB2D1 /* Debug */,
				F74C7B8129ACB148006CB2D1 /* Release */,
			);
			defaultConfigurationIsVisible = 0;
			defaultConfigurationName = Release;
		};
		F74C7B8229ACB148006CB2D1 /* Build configuration list for PBXNativeTarget "RickAndMortyCharacter" */ = {
			isa = XCConfigurationList;
			buildConfigurations = (
				F74C7B8329ACB148006CB2D1 /* Debug */,
				F74C7B8429ACB148006CB2D1 /* Release */,
			);
			defaultConfigurationIsVisible = 0;
			defaultConfigurationName = Release;
		};
		F74C7B8529ACB148006CB2D1 /* Build configuration list for PBXNativeTarget "RickAndMortyCharacterTests" */ = {
			isa = XCConfigurationList;
			buildConfigurations = (
				F74C7B8629ACB148006CB2D1 /* Debug */,
				F74C7B8729ACB148006CB2D1 /* Release */,
			);
			defaultConfigurationIsVisible = 0;
			defaultConfigurationName = Release;
		};
		F74C7B8829ACB148006CB2D1 /* Build configuration list for PBXNativeTarget "RickAndMortyCharacterUITests" */ = {
			isa = XCConfigurationList;
			buildConfigurations = (
				F74C7B8929ACB148006CB2D1 /* Debug */,
				F74C7B8A29ACB148006CB2D1 /* Release */,
			);
			defaultConfigurationIsVisible = 0;
			defaultConfigurationName = Release;
		};
/* End XCConfigurationList section */

/* Begin XCRemoteSwiftPackageReference section */
		F7A5EFE429AE51E7004CE3EA /* XCRemoteSwiftPackageReference "Kingfisher" */ = {
			isa = XCRemoteSwiftPackageReference;
			repositoryURL = "https://github.com/onevcat/Kingfisher.git";
			requirement = {
				kind = upToNextMajorVersion;
				minimumVersion = 7.0.0;
			};
		};
/* End XCRemoteSwiftPackageReference section */

/* Begin XCSwiftPackageProductDependency section */
		F7A5EFE529AE51E7004CE3EA /* Kingfisher */ = {
			isa = XCSwiftPackageProductDependency;
			package = F7A5EFE429AE51E7004CE3EA /* XCRemoteSwiftPackageReference "Kingfisher" */;
			productName = Kingfisher;
		};
/* End XCSwiftPackageProductDependency section */
	};
	rootObject = F74C7B5029ACB144006CB2D1 /* Project object */;
}
